
Microsoft Visual Studio Solution File, Format Version 12.00
# Visual Studio Version 17
VisualStudioVersion = 17.9.34616.47
MinimumVisualStudioVersion = 10.0.40219.1
Project("{9A19103F-16F7-4668-BE54-9A1E7A4F7556}") = "RedisLessons.InMemoryApp", "RedisLessons.InMemoryApp\RedisLessons.InMemoryApp.csproj", "{0492CED2-6771-4CA5-B34D-082B8ED0E7E9}"
EndProject
Project("{9A19103F-16F7-4668-BE54-9A1E7A4F7556}") = "RedisLessons.IDistributedCacheRedisApp", "RedisLessons.IDistributedCacheRedisApp\RedisLessons.IDistributedCacheRedisApp.csproj", "{3306D64E-71A6-45B9-A4EA-3986E2909F59}"
EndProject
Project("{FAE04EC0-301F-11D3-BF4B-00C04F79EFBC}") = "RedisLesson.ExchangeAPI", "RedisLesson.ExchangeAPI\RedisLesson.ExchangeAPI.csproj", "{A1A0134F-9A92-4315-84B4-F86FD27205F8}"
EndProject
Global
	GlobalSection(SolutionConfigurationPlatforms) = preSolution
		Debug|Any CPU = Debug|Any CPU
		Release|Any CPU = Release|Any CPU
	EndGlobalSection
	GlobalSection(ProjectConfigurationPlatforms) = postSolution
		{0492CED2-6771-4CA5-B34D-082B8ED0E7E9}.Debug|Any CPU.ActiveCfg = Debug|Any CPU
		{0492CED2-6771-4CA5-B34D-082B8ED0E7E9}.Debug|Any CPU.Build.0 = Debug|Any CPU
		{0492CED2-6771-4CA5-B34D-082B8ED0E7E9}.Release|Any CPU.ActiveCfg = Release|Any CPU
		{0492CED2-6771-4CA5-B34D-082B8ED0E7E9}.Release|Any CPU.Build.0 = Release|Any CPU
		{3306D64E-71A6-45B9-A4EA-3986E2909F59}.Debug|Any CPU.ActiveCfg = Debug|Any CPU
		{3306D64E-71A6-45B9-A4EA-3986E2909F59}.Debug|Any CPU.Build.0 = Debug|Any CPU
		{3306D64E-71A6-45B9-A4EA-3986E2909F59}.Release|Any CPU.ActiveCfg = Release|Any CPU
		{3306D64E-71A6-45B9-A4EA-3986E2909F59}.Release|Any CPU.Build.0 = Release|Any CPU
		{A1A0134F-9A92-4315-84B4-F86FD27205F8}.Debug|Any CPU.ActiveCfg = Debug|Any CPU
		{A1A0134F-9A92-4315-84B4-F86FD27205F8}.Debug|Any CPU.Build.0 = Debug|Any CPU
		{A1A0134F-9A92-4315-84B4-F86FD27205F8}.Release|Any CPU.ActiveCfg = Release|Any CPU
		{A1A0134F-9A92-4315-84B4-F86FD27205F8}.Release|Any CPU.Build.0 = Release|Any CPU
	EndGlobalSection
	GlobalSection(SolutionProperties) = preSolution
		HideSolutionNode = FALSE
	EndGlobalSection
	GlobalSection(ExtensibilityGlobals) = postSolution
		SolutionGuid = {9AAF1310-28CC-4CE1-B1A6-6DC7302FC8A2}
	EndGlobalSection
EndGlobal
